
Microsoft Visual Studio Solution File, Format Version 12.00
# Visual Studio 15
VisualStudioVersion = 15.0.26730.10
MinimumVisualStudioVersion = 10.0.40219.1
Project("{FAE04EC0-301F-11D3-BF4B-00C04F79EFBC}") = "BudgetManagerV2", "BudgetManagerV2\BudgetManagerV2.csproj", "{D08AAA0E-D2C7-41DF-ADE1-FF52444E46EE}"
EndProject
Global
	GlobalSection(SolutionConfigurationPlatforms) = preSolution
		Debug|Any CPU = Debug|Any CPU
		Release|Any CPU = Release|Any CPU
	EndGlobalSection
	GlobalSection(ProjectConfigurationPlatforms) = postSolution
		{D08AAA0E-D2C7-41DF-ADE1-FF52444E46EE}.Debug|Any CPU.ActiveCfg = Debug|Any CPU
		{D08AAA0E-D2C7-41DF-ADE1-FF52444E46EE}.Debug|Any CPU.Build.0 = Debug|Any CPU
		{D08AAA0E-D2C7-41DF-ADE1-FF52444E46EE}.Release|Any CPU.ActiveCfg = Release|Any CPU
		{D08AAA0E-D2C7-41DF-ADE1-FF52444E46EE}.Release|Any CPU.Build.0 = Release|Any CPU
	EndGlobalSection
	GlobalSection(SolutionProperties) = preSolution
		HideSolutionNode = FALSE
	EndGlobalSection
	GlobalSection(ExtensibilityGlobals) = postSolution
		SolutionGuid = {777D2F70-BE64-41D9-94CE-F3169FDC64B5}
	EndGlobalSection
EndGlobal
